
Microsoft Visual Studio Solution File, Format Version 12.00
# Visual Studio Version 16
VisualStudioVersion = 16.0.30523.141
MinimumVisualStudioVersion = 10.0.40219.1
Project("{FAE04EC0-301F-11D3-BF4B-00C04F79EFBC}") = "pipeline", "pipeline\pipeline.csproj", "{E94C0F59-DCCA-481D-96FB-DDF8376C435A}"
EndProject
Global
	GlobalSection(SolutionConfigurationPlatforms) = preSolution
		Debug|Any CPU = Debug|Any CPU
		Release|Any CPU = Release|Any CPU
	EndGlobalSection
	GlobalSection(ProjectConfigurationPlatforms) = postSolution
		{E94C0F59-DCCA-481D-96FB-DDF8376C435A}.Debug|Any CPU.ActiveCfg = Debug|Any CPU
		{E94C0F59-DCCA-481D-96FB-DDF8376C435A}.Debug|Any CPU.Build.0 = Debug|Any CPU
		{E94C0F59-DCCA-481D-96FB-DDF8376C435A}.Release|Any CPU.ActiveCfg = Release|Any CPU
		{E94C0F59-DCCA-481D-96FB-DDF8376C435A}.Release|Any CPU.Build.0 = Release|Any CPU
	EndGlobalSection
	GlobalSection(SolutionProperties) = preSolution
		HideSolutionNode = FALSE
	EndGlobalSection
	GlobalSection(ExtensibilityGlobals) = postSolution
		SolutionGuid = {3A4AED73-A64E-482F-A566-595DBD421D0E}
	EndGlobalSection
EndGlobal
